payload:
  - DOMAIN-REGEX,^speed\.(coe|open)\.ad\.[a-z]{2,6}\.prod\.hosts\.ooklaserver\.net$
  - DOMAIN-SUFFIX,logupdate.avlyun.sec.miui.com
  - DOMAIN-SUFFIX,stat.youku.com
  - DOMAIN-SUFFIX,analytics-data.io
  - DOMAIN-SUFFIX,cpro.baidu.com
  - DOMAIN-SUFFIX,najva.com
  - DOMAIN-SUFFIX,ulogs.umeng.com
  - DOMAIN-SUFFIX,iadsdk.apple.com
  - DOMAIN-SUFFIX,drmcmm.baidu.com
  - DOMAIN-SUFFIX,impact-ad.jp
  - DOMAIN-SUFFIX,marketingplatform.google.com
  - DOMAIN-SUFFIX,im-apps.net
  - DOMAIN-SUFFIX,zhugeapi.com
  - DOMAIN-SUFFIX,v6-adashx.ut.amap.com
  - DOMAIN-SUFFIX,prd-lender.cdp.internal.unity3d.com
  - DOMAIN-SUFFIX,dig.bdurl.net
  - DOMAIN-SUFFIX,fenxi.com
  - DOMAIN-SUFFIX,googletagmanager.com
  - DOMAIN-SUFFIX,mopub.com
  - DOMAIN-SUFFIX,graph-fallback.instagram.com
  - DOMAIN-SUFFIX,ad.hpplay.cn
  - DOMAIN-SUFFIX,resolve.umeng.com
  - DOMAIN-SUFFIX,badjs.weixinbridge.com
  - DOMAIN-SUFFIX,log.tbs.qq.com
  - DOMAIN-SUFFIX,googleads.com
  - DOMAIN-SUFFIX,h2tcbox.baidu.com
  - DOMAIN-SUFFIX,a.youdao.com
  - DOMAIN-SUFFIX,adsclick.qq.com
  - DOMAIN-SUFFIX,ad.mobile.youku.com
  - DOMAIN-SUFFIX,jzt.jd.com
  - DOMAIN-SUFFIX,adtechus.com
  - DOMAIN-SUFFIX,ark.letv.com
  - DOMAIN-SUFFIX,unionimage.baidu.com
  - DOMAIN-SUFFIX,advertiserscommunity.com
  - DOMAIN-SUFFIX,data.mistat.india.xiaomi.com
  - DOMAIN-SUFFIX,adashbc.m.taobao.com
  - DOMAIN-SUFFIX,dc.letv.com
  - DOMAIN-SUFFIX,ar.umeng.com
  - DOMAIN-SUFFIX,perf.cloud.unity3d.com
  - DOMAIN-SUFFIX,tdsdk.cpatrk.net
  - DOMAIN-SUFFIX,rmonitor.qq.com
  - DOMAIN-SUFFIX,kaprila.com
  - DOMAIN-SUFFIX,cstm.baidu.com
  - DOMAIN-SUFFIX,miaowu.baidu.com
  - DOMAIN-SUFFIX,ads.sina.com
  - DOMAIN-SUFFIX,mobads-pre-config.cdn.bcebos.com
  - DOMAIN-SUFFIX,tjqonline.cn
  - DOMAIN-SUFFIX,e.kuaishou.com
  - DOMAIN-SUFFIX,beacon.cdn.qq.com
  - DOMAIN-SUFFIX,cnaa123.com
  - DOMAIN-SUFFIX,analytics.vk.com
  - DOMAIN-SUFFIX,spcode.baidu.com
  - DOMAIN-SUFFIX,ad.api.mobile.youku.com
  - DOMAIN-SUFFIX,adsh.m.taobao.com
  - DOMAIN-SUFFIX,da.mgtv.com
  - DOMAIN-SUFFIX,adimg.mobile.sina.cn
  - DOMAIN-SUFFIX,adx.36kr.com
  - DOMAIN-SUFFIX,adservice.google.com
  - DOMAIN-SUFFIX,advapi.joyplus.tv
  - DOMAIN-SUFFIX,gmossp-sp.jp
  - DOMAIN-SUFFIX,panplayable-toutiao.com
  - DOMAIN-SUFFIX,api2.amplitude.com
  - DOMAIN-SUFFIX,ugdtimg.com
  - DOMAIN-SUFFIX,toboads.com
  - DOMAIN-SUFFIX,adukwai.com
  - DOMAIN-SUFFIX,amazon-adsystem.com
  - DOMAIN-SUFFIX,data.mistat.intl.xiaomi.com
  - DOMAIN-SUFFIX,ads.music.126.net
  - DOMAIN-SUFFIX,ad.mi.com
  - DOMAIN-SUFFIX,bingads.com
  - DOMAIN-SUFFIX,s.union.360.cn
  - DOMAIN-SUFFIX,evt.mxplay.com
  - DOMAIN-SUFFIX,yabs.yandex.ru
  - DOMAIN-SUFFIX,samsungads.com
  - DOMAIN-SUFFIX,trafficfactory.biz
  - DOMAIN-SUFFIX,iadmusicmatvideo.music.126.net
  - DOMAIN-SUFFIX,ipinyou.com
  - DOMAIN-SUFFIX,syh.zybang.com
  - DOMAIN-SUFFIX,union.baidu.com
  - DOMAIN-SUFFIX,reke.at.sohu.com
  - DOMAIN-SUFFIX,statis.api.3g.youku.com
  - DOMAIN-SUFFIX,pixel.facebook.com
  - DOMAIN-SUFFIX,adsenseformobileapps.com
  - DOMAIN-SUFFIX,adash-c.m.taobao.com
  - DOMAIN-SUFFIX,googletagservices-cn.com
  - DOMAIN-SUFFIX,eroadvertising.com
  - DOMAIN-SUFFIX,google-analytics-cn.com
  - DOMAIN-SUFFIX,ads.youtube.com
  - DOMAIN-SUFFIX,lu.sogoucdn.com
  - DOMAIN-SUFFIX,log.mix.sina.com.cn
  - DOMAIN-SUFFIX,adv-sv-show.focus.cn
  - DOMAIN-SUFFIX,admob.xiaomi.com
  - DOMAIN-SUFFIX,pangolin-sdk-toutiao1.com
  - DOMAIN-SUFFIX,alog.umeng.com
  - DOMAIN-SUFFIX,tracking.mcdonalds.com.cn
  - DOMAIN-SUFFIX,ecmb.bdimg.com
  - DOMAIN-SUFFIX,imglnkc.com
  - DOMAIN-SUFFIX,adwords.com
  - DOMAIN-SUFFIX,pagead.l.google.com
  - DOMAIN-SUFFIX,appmetrica.yandex.net
  - DOMAIN-SUFFIX,ads.huan.tv
  - DOMAIN-SUFFIX,imgstat.baidu.com
  - DOMAIN-SUFFIX,adfox.yandex.ru
  - DOMAIN-SUFFIX,misc.in.duokanbox.com
  - DOMAIN-SUFFIX,alogs.umeng.com
  - DOMAIN-SUFFIX,ad.12306.cn
  - DOMAIN-SUFFIX,ad.sina.com.cn
  - DOMAIN-SUFFIX,chinaciaf.org
  - DOMAIN-SUFFIX,policy.video.iqiyi.com
  - DOMAIN-SUFFIX,ads.yandex
  - DOMAIN-SUFFIX,tapsell.ir
  - DOMAIN-SUFFIX,adsgram.ai
  - DOMAIN-SUFFIX,browser.events.data.msn.com
  - DOMAIN-SUFFIX,2mdn.net
  - DOMAIN-SUFFIX,pglstatp-toutiao.com
  - DOMAIN-SUFFIX,adxprtz.com
  - DOMAIN-SUFFIX,googleadapis.com
  - DOMAIN-SUFFIX,adver.qq.com
  - DOMAIN-SUFFIX,fout.jp
  - DOMAIN-SUFFIX,gzads.com
  - DOMAIN-SUFFIX,oc.umeng.com
  - DOMAIN-SUFFIX,appsflyersdk.com
  - DOMAIN-SUFFIX,adwordsexpress.com
  - DOMAIN-SUFFIX,sabavision.com
  - DOMAIN-SUFFIX,wm.baidu.com
  - DOMAIN-SUFFIX,analytics.vpc.duolingo.com
  - DOMAIN-SUFFIX,retcode.taobao.com
  - DOMAIN-SUFFIX,cm.baidu.com
  - DOMAIN-SUFFIX,microad.co.jp
  - DOMAIN-SUFFIX,gz-data.com
  - DOMAIN-SUFFIX,iadmatapk.nosdn.127.net
  - DOMAIN-SUFFIX,app-analytics-services-att.com
  - DOMAIN-SUFFIX,app-analytics-services.com
  - DOMAIN-SUFFIX,ero-advertising.com
  - DOMAIN-SUFFIX,adping.qq.com
  - DOMAIN-SUFFIX,aaxads.com
  - DOMAIN-SUFFIX,beacon.sina.com.cn
  - DOMAIN-SUFFIX,new-aaid.umeng.com
  - DOMAIN-SUFFIX,alt-ad.mail.ru
  - DOMAIN-SUFFIX,nbsdk-baichuan.alicdn.com
  - DOMAIN-SUFFIX,baichuan-sdk.alicdn.com
  - DOMAIN-SUFFIX,ad.qq.com
  - DOMAIN-SUFFIX,zhihu-web-analytics.zhihu.com
  - DOMAIN-SUFFIX,ifacelog.iqiyi.com
  - DOMAIN-SUFFIX,pangolin-sdk-toutiao.com
  - DOMAIN-SUFFIX,ad.us.sinaimg.cn
  - DOMAIN-SUFFIX,p4p.sina.com.cn
  - DOMAIN-SUFFIX,log2.sina.cn
  - DOMAIN-SUFFIX,a.market.xiaomi.com
  - DOMAIN-SUFFIX,msg2.video.qiyi.com
  - DOMAIN-SUFFIX,dt.dbankcloud.ru
  - DOMAIN-SUFFIX,ad.api.moji.com
  - DOMAIN-SUFFIX,unityads.unitychina.cn
  - DOMAIN-SUFFIX,partnerad.l.google.com
  - DOMAIN-SUFFIX,ccs.umeng.com
  - DOMAIN-SUFFIX,juicyads.com
  - DOMAIN-SUFFIX,adtrafficquality.google
  - DOMAIN-SUFFIX,pv.sohu.com
  - DOMAIN-SUFFIX,tce.alicdn.com
  - DOMAIN-SUFFIX,emogi.com
  - DOMAIN-SUFFIX,exosrv.com
  - DOMAIN-SUFFIX,nsclickvideo.baidu.com
  - DOMAIN-SUFFIX,btrace.qq.com
  - DOMAIN-SUFFIX,js-agent.newrelic.com
  - DOMAIN-SUFFIX,adash-c.ut.taobao.com
  - DOMAIN-SUFFIX,shuzilm.cn
  - DOMAIN-SUFFIX,insights-collector.gog.com
  - DOMAIN-SUFFIX,ylog.hiido.com
  - DOMAIN-SUFFIX,ad.api.3g.youku.com
  - DOMAIN-SUFFIX,ads.union.jd.com
  - DOMAIN-SUFFIX,log-upload.mihoyo.com
  - DOMAIN-SUFFIX,tracker-api.my.com
  - DOMAIN-SUFFIX,r.mail.ru
  - DOMAIN-SUFFIX,crash.163.com
  - DOMAIN-SUFFIX,static.javhd.com
  - DOMAIN-SUFFIX,sngmta.qq.com
  - DOMAIN-SUFFIX,adv.vk.com
  - DOMAIN-SUFFIX,ads.huantest.com
  - DOMAIN-SUFFIX,afp.iqiyi.com
  - DOMAIN-SUFFIX,panplayable-toutiao-b.com
  - DOMAIN-SUFFIX,nelreports.net
  - DOMAIN-SUFFIX,bzclk.baidu.com
  - DOMAIN-SUFFIX,graph.whatsapp.com
  - DOMAIN-SUFFIX,mobwithad.com
  - DOMAIN-SUFFIX,msads.net
  - DOMAIN-SUFFIX,yfanads.cn
  - DOMAIN-SUFFIX,iadmat.nosdn.127.net
  - DOMAIN-SUFFIX,v6-adashx.ut.cainiao.com
  - DOMAIN-SUFFIX,cupid.iqiyi.com
  - DOMAIN-SUFFIX,innovid.com
  - DOMAIN-SUFFIX,v6-adashx.ut.ele.me
  - DOMAIN-SUFFIX,splash-ads.cdn.unity.cn
  - DOMAIN-SUFFIX,analytics-alv.google.com
  - DOMAIN-SUFFIX,exoclick.com
  - DOMAIN-SUFFIX,static.hotjar.com
  - DOMAIN-SUFFIX,msg.youku.com
  - DOMAIN-SUFFIX,googleadservices.com
  - DOMAIN-SUFFIX,adv.sec.miui.com
  - DOMAIN-SUFFIX,g.click.taobao.com
  - DOMAIN-SUFFIX,passport-log.youku.com
  - DOMAIN-SUFFIX,reyun.com
  - DOMAIN-SUFFIX,adash.man.aliyuncs.com
  - DOMAIN-SUFFIX,h-adashx4yt.ut.taobao.com
  - DOMAIN-SUFFIX,img-x.jd.com
  - DOMAIN-SUFFIX,g1.tagtic.cn
  - DOMAIN-SUFFIX,da.hunantv.com
  - DOMAIN-SUFFIX,cps.360buy.com
  - DOMAIN-SUFFIX,sdkclick.mobile.sina.cn
  - DOMAIN-SUFFIX,ads-ut.api.leiniao.com
  - DOMAIN-SUFFIX,cnlogs.umengcloud.com
  - DOMAIN-SUFFIX,cnlogs.umeng.com
  - DOMAIN-SUFFIX,beacon.qq.com
  - DOMAIN-SUFFIX,ad.cctv.com
  - DOMAIN-SUFFIX,ads-pixiv.net
  - DOMAIN-SUFFIX,graph.whatsapp.net
  - DOMAIN-SUFFIX,a.adtng.com
  - DOMAIN-SUFFIX,apple.www.letv.com
  - DOMAIN-SUFFIX,iabchina.cn
  - DOMAIN-SUFFIX,fenxi.360.cn
  - DOMAIN-SUFFIX,ads.wteam.xyz
  - DOMAIN-SUFFIX,inte.sogou.com
  - DOMAIN-SUFFIX,adsqqclick.qq.com
  - DOMAIN-SUFFIX,logs.chelaile.net.cn
  - DOMAIN-SUFFIX,adv.yandex.ru
  - DOMAIN-SUFFIX,zhugeapi.net
  - DOMAIN-SUFFIX,ad.toutiao.com
  - DOMAIN-SUFFIX,trace.qq.com
  - DOMAIN-SUFFIX,ad.games.dmm.com
  - DOMAIN-SUFFIX,adnet.sohu.com
  - DOMAIN-SUFFIX,e.qq.com
  - DOMAIN-SUFFIX,googleadsserving.cn
  - DOMAIN-SUFFIX,apptracer.ru
  - DOMAIN-SUFFIX,e.mindbox.ru
  - DOMAIN-SUFFIX,ad.xiaomi.com
  - DOMAIN-SUFFIX,ads.sber.ru
  - DOMAIN-SUFFIX,csjplatform.com
  - DOMAIN-SUFFIX,ads.uc.cn
  - DOMAIN-SUFFIX,biz.weibo.com
  - DOMAIN-SUFFIX,alogus.umeng.com
  - DOMAIN-SUFFIX,hm.baidu.com
  - DOMAIN-SUFFIX,eiv.baidu.com
  - DOMAIN-SUFFIX,decide.mixpanel.com
  - DOMAIN-SUFFIX,alimama.alicdn.com
  - DOMAIN-SUFFIX,analytics.cloud.unity3d.com
  - DOMAIN-SUFFIX,admob-cn.com
  - DOMAIN-SUFFIX,googleoptimize.com
  - DOMAIN-SUFFIX,an.yandex.ru
  - DOMAIN-SUFFIX,qqdata.ab.qq.com
  - DOMAIN-SUFFIX,unityads.unity.cn
  - DOMAIN-SUFFIX,qwapi.com
  - DOMAIN-SUFFIX,mixer.sina.cn
  - DOMAIN-SUFFIX,sa.sina.cn
  - DOMAIN-SUFFIX,pb.i.sogou.com
  - DOMAIN-SUFFIX,obs.mts.ru
  - DOMAIN-SUFFIX,appmetrica.yango.com
  - DOMAIN-SUFFIX,adbkwai.com
  - DOMAIN-SUFFIX,go2.global
  - DOMAIN-SUFFIX,clck.yandex.ru
  - DOMAIN-SUFFIX,audid.umeng.com
  - DOMAIN-SUFFIX,tracking.miui.com
  - DOMAIN-SUFFIX,mtrace.qq.com
  - DOMAIN-SUFFIX,fcmatch.google.com
  - DOMAIN-SUFFIX,ads.trafficjunky.net
  - DOMAIN-SUFFIX,analytics.tiktok.com
  - DOMAIN-SUFFIX,tpstelemetry.tencent.com
  - DOMAIN-SUFFIX,tsyndicate.com
  - DOMAIN-SUFFIX,pangolin.snssdk.com
  - DOMAIN-SUFFIX,googletraveladservices.com
  - DOMAIN-SUFFIX,socdm.com
  - DOMAIN-SUFFIX,ad.wang502.com
  - DOMAIN-SUFFIX,p.aty.sohu.com
  - DOMAIN-SUFFIX,applvn.com
  - DOMAIN-SUFFIX,track.sohu.com
  - DOMAIN-SUFFIX,adsfile.qq.com
  - DOMAIN-SUFFIX,wapwbclick.mobile.sina.cn
  - DOMAIN-SUFFIX,adeng.hpplay.cn
  - DOMAIN-SUFFIX,c-adash.m.taobao.com
  - DOMAIN-SUFFIX,ad.weixin.qq.com
  - DOMAIN-SUFFIX,ja.gamersky.com
  - DOMAIN-SUFFIX,v6-adashx.ut.taobao.com
  - DOMAIN-SUFFIX,adashxgc.ut.taobao.com
  - DOMAIN-SUFFIX,m-adash.m.taobao.com
  - DOMAIN-SUFFIX,app-measurement-cn.com
  - DOMAIN-SUFFIX,tubemogul.com
  - DOMAIN-SUFFIX,ad-srv.net
  - DOMAIN-SUFFIX,gdt.qq.com
  - DOMAIN-SUFFIX,mdt.qq.com
  - DOMAIN-SUFFIX,adashx.ut.amap.com
  - DOMAIN-SUFFIX,gia.jd.com
  - DOMAIN-SUFFIX,wit.qq.com
  - DOMAIN-SUFFIX,dup.baidustatic.com
  - DOMAIN-SUFFIX,clickstream.sberbank.ru
  - DOMAIN-SUFFIX,snapads.com
  - DOMAIN-SUFFIX,lu.sogou.com
  - DOMAIN-SUFFIX,pangolin-hl.snssdk.com
  - DOMAIN-SUFFIX,beizi.biz
  - DOMAIN-SUFFIX,cbjs.baidu.com
  - DOMAIN-SUFFIX,adashx.ut.ele.me
  - DOMAIN-SUFFIX,kepler-37b.com
  - DOMAIN-SUFFIX,click.ali213.net
  - DOMAIN-SUFFIX,sentry.d.mi.com
  - DOMAIN-SUFFIX,adashx.m.taobao.com
  - DOMAIN-SUFFIX,api-adservices.apple.com
  - DOMAIN-SUFFIX,optaim.com
  - DOMAIN-SUFFIX,ecmc.bdimg.com
  - DOMAIN-SUFFIX,htrace.wetvinfo.com
  - DOMAIN-SUFFIX,mlog.hiido.com
  - DOMAIN-SUFFIX,googletraveladservices-cn.com
  - DOMAIN-SUFFIX,qhupdate.com
  - DOMAIN-SUFFIX,log.umtrack.com
  - DOMAIN-SUFFIX,hmma.baidu.com
  - DOMAIN-SUFFIX,byteadverts.com
  - DOMAIN-SUFFIX,crashlytics.163.com
  - DOMAIN-SUFFIX,demdex.net
  - DOMAIN-SUFFIX,neon.click
  - DOMAIN-SUFFIX,china-caa.org
  - DOMAIN-SUFFIX,advapikj.joyplus.tv
  - DOMAIN-SUFFIX,s.so.360.cn
  - DOMAIN-SUFFIX,adsadvisor.io
  - DOMAIN-SUFFIX,fclick.baidu.com
  - DOMAIN-SUFFIX,sensors.umetrip.com.cn
  - DOMAIN-SUFFIX,moat.com
  - DOMAIN-SUFFIX,googleads-cn.com
  - DOMAIN-SUFFIX,lianmeng.360.cn
  - DOMAIN-SUFFIX,pangolin-sdk-toutiao-b.com
  - DOMAIN-SUFFIX,tajs.qq.com
  - DOMAIN-SUFFIX,adsense.com
  - DOMAIN-SUFFIX,samsungadhub.com
  - DOMAIN-SUFFIX,log-upload-os.hoyoverse.com
  - DOMAIN-SUFFIX,beaconcdn.qq.com
  - DOMAIN-SUFFIX,bluekai.com
  - DOMAIN-SUFFIX,c.uaa.iqiyi.com
  - DOMAIN-SUFFIX,dualstack-logs.amap.com
  - DOMAIN-SUFFIX,ads.yandex.ru
  - DOMAIN-SUFFIX,analytics.facebook.com
  - DOMAIN-SUFFIX,adivery.ir
  - DOMAIN-SUFFIX,adsview.qq.com
  - DOMAIN-SUFFIX,wuliao.epro.sogou.com
  - DOMAIN-SUFFIX,img-bss.csdn.net
  - DOMAIN-SUFFIX,i.snssdk.com
  - DOMAIN-SUFFIX,yektanet.com
  - DOMAIN-SUFFIX,wwads.cn
  - DOMAIN-SUFFIX,urchin.com
  - DOMAIN-SUFFIX,ms.vk.ru
  - DOMAIN-SUFFIX,bugly.qq.com
  - DOMAIN-SUFFIX,mobilemsg.youku.com
  - DOMAIN-SUFFIX,push.qq.com
  - DOMAIN-SUFFIX,gozendata.com
  - DOMAIN-SUFFIX,mobads.baidu.com
  - DOMAIN-SUFFIX,pangolin-dsp-toutiao-b.com
  - DOMAIN-SUFFIX,adtrue.com
  - DOMAIN-SUFFIX,top-fwz1.mail.ru
  - DOMAIN-SUFFIX,jl3.yjaxa.top
  - DOMAIN-SUFFIX,mc.yandex.ru
  - DOMAIN-SUFFIX,sclick.baidu.com
  - DOMAIN-SUFFIX,s.360.cn
  - DOMAIN-SUFFIX,pimlog.baidu.com
  - DOMAIN-SUFFIX,metrika.yandex.com
  - DOMAIN-SUFFIX,ad1.xiaomi.com
  - DOMAIN-SUFFIX,ads-uo.api.leiniao.com
  - DOMAIN-SUFFIX,pmir.3g.qq.com
  - DOMAIN-SUFFIX,ads-twitter.com
  - DOMAIN-SUFFIX,admetrica.ru
  - DOMAIN-SUFFIX,adse.wsa.ximalaya.com
  - DOMAIN-SUFFIX,trace-flow.ru
  - DOMAIN-SUFFIX,adfox.ru
  - DOMAIN-SUFFIX,cretgate.com
  - DOMAIN-SUFFIX,relap.mail.ru
  - DOMAIN-SUFFIX,googleanalytics.com
  - DOMAIN-SUFFIX,adc.hpplay.cn
  - DOMAIN-SUFFIX,unityads.unity3d.com
  - DOMAIN-SUFFIX,iads.unity3d.com
  - DOMAIN-SUFFIX,adse.ximalaya.com
  - DOMAIN-SUFFIX,ads.yahoo.com
  - DOMAIN-SUFFIX,afdconf.baidu.com
  - DOMAIN-SUFFIX,pbmp.ali213.net
  - DOMAIN-SUFFIX,ysm.yahoo.com
  - DOMAIN-SUFFIX,mountain.zhidao.baidu.com
  - DOMAIN-SUFFIX,tns.simba.taobao.com
  - DOMAIN-SUFFIX,acjs.aliyun.com
  - DOMAIN-SUFFIX,reachmax.cn
  - DOMAIN-SUFFIX,kuyun.com
  - DOMAIN-SUFFIX,metrika.yandex.ru
  - DOMAIN-SUFFIX,v6-adashx.ut.youku.com
  - DOMAIN-SUFFIX,qpb1.sohu.com
  - DOMAIN-SUFFIX,guanggaoad.youku.com
  - DOMAIN-SUFFIX,ads-union.jd.com
  - DOMAIN-SUFFIX,sf3-ttcdn-tos.pstatp.com
  - DOMAIN-SUFFIX,pingjs.qq.com
  - DOMAIN-SUFFIX,plbslog.umeng.com
  - DOMAIN-SUFFIX,utoken.umeng.com
  - DOMAIN-SUFFIX,iad.apple.com
  - DOMAIN-SUFFIX,wkctj.baidu.com
  - DOMAIN-SUFFIX,webvisor.org
  - DOMAIN-SUFFIX,tracker.my.com
  - DOMAIN-SUFFIX,advertising.adobe.com
  - DOMAIN-SUFFIX,res.hunantv.com
  - DOMAIN-SUFFIX,mobads-logs.baidu.com
  - DOMAIN-SUFFIX,cpu.baidu.com
  - DOMAIN-SUFFIX,yango-ads.com
  - DOMAIN-SUFFIX,g.mindbox.ru
  - DOMAIN-SUFFIX,admob.com
  - DOMAIN-SUFFIX,ubmcvideo.baidustatic.com
  - DOMAIN-SUFFIX,kurogames-ads.com
  - DOMAIN-SUFFIX,ad.qun.qq.com
  - DOMAIN-SUFFIX,hubcloud.com.cn
  - DOMAIN-SUFFIX,adashx.ut.youku.com
  - DOMAIN-SUFFIX,aspect-upush.umeng.com
  - DOMAIN-SUFFIX,g.163.com
  - DOMAIN-SUFFIX,adimg.uve.weibo.com
  - DOMAIN-SUFFIX,eclick.baidu.com
  - DOMAIN-SUFFIX,adstats.tencentmusic.com
  - DOMAIN-SUFFIX,stats.music.xiaomi.com
  - DOMAIN-SUFFIX,zxid-api.mobileservice.cn
  - DOMAIN-SUFFIX,splash-ads.unitychina.cn
  - DOMAIN-SUFFIX,googlesyndication.com
  - DOMAIN-SUFFIX,afd.baidu.com
  - DOMAIN-SUFFIX,unioncom.cc
  - DOMAIN-SUFFIX,googlesyndication-cn.com
  - DOMAIN-SUFFIX,s4yxaqyq95.com
  - DOMAIN-SUFFIX,slog.sina.com.cn
  - DOMAIN-SUFFIX,aaid.umeng.com
  - DOMAIN-SUFFIX,testads.api.my7v.com
  - DOMAIN-SUFFIX,pglstatp-snssdk-toutiao.com
  - DOMAIN-SUFFIX,adfilter.imtt.qq.com
  - DOMAIN-SUFFIX,ctobsnssdk.com
  - DOMAIN-SUFFIX,m.aty.sohu.com
  - DOMAIN-SUFFIX,yk-ssp.ad.youku.com
  - DOMAIN-SUFFIX,vk-analytics.ru
  - DOMAIN-SUFFIX,pangolin-dsp-toutiao.com
  - DOMAIN-SUFFIX,adwords-community.com
  - DOMAIN-SUFFIX,w.cnzz.com
  - DOMAIN-SUFFIX,mediav.com
  - DOMAIN-SUFFIX,ja1.gamersky.com
  - DOMAIN-SUFFIX,zxid-m.mobileservice.cn
  - DOMAIN-SUFFIX,adashx4ae.ut.taobao.com
  - DOMAIN-SUFFIX,shoppingads.cn
  - DOMAIN-SUFFIX,51y5.net
  - DOMAIN-SUFFIX,pv.hd.sohu.com
  - DOMAIN-SUFFIX,h-adashx.ut.youku.com
  - DOMAIN-SUFFIX,wmbd.gamersky.com
  - DOMAIN-SUFFIX,adscdn.baidu.com
  - DOMAIN-SUFFIX,nbsdk-baichuan.taobao.com
  - DOMAIN-SUFFIX,g3.letv.com
  - DOMAIN-SUFFIX,tm-banners.gamingadult.com
  - DOMAIN-SUFFIX,e.stat.ykimg.com
  - DOMAIN-SUFFIX,adsmind.apdcdn.tc.qq.com
  - DOMAIN-SUFFIX,ads.sohu.com
  - DOMAIN-SUFFIX,adv.yandex.com
  - DOMAIN-SUFFIX,click.gamersky.com
  - DOMAIN-SUFFIX,log.sina.cn
  - DOMAIN-SUFFIX,yandexmetrica.com
  - DOMAIN-SUFFIX,yads.tech
  - DOMAIN-SUFFIX,ad.browser.qq.com
  - DOMAIN-SUFFIX,jads.co
  - DOMAIN-SUFFIX,adv.sec.intl.miui.com
  - DOMAIN-SUFFIX,alog.umengcloud.com
  - DOMAIN-SUFFIX,xy-log.tagtic.cn
  - DOMAIN-SUFFIX,googleoptimize-cn.com
  - DOMAIN-SUFFIX,ssp.api.tappx.com
  - DOMAIN-SUFFIX,graph.instagram.com
  - DOMAIN-SUFFIX,ykad-data.youku.com
  - DOMAIN-SUFFIX,report.tencentmusic.com
  - DOMAIN-SUFFIX,adsensecustomsearchads.com
  - DOMAIN-SUFFIX,tracker.xiaomixiaoai.com
  - DOMAIN-SUFFIX,ad.m.iqiyi.com
  - DOMAIN-SUFFIX,tcbox.baidu.com
  - DOMAIN-SUFFIX,uranus.sogou.com
  - DOMAIN-SUFFIX,app-measurement.com
  - DOMAIN-SUFFIX,analytics.umetrip.com
  - DOMAIN-SUFFIX,h-adashx.ut.ele.me
  - DOMAIN-SUFFIX,imp.go.sohu.com
  - DOMAIN-SUFFIX,fclog.baidu.com
  - DOMAIN-SUFFIX,facebookads.com
  - DOMAIN-SUFFIX,ms.vk.com
  - DOMAIN-SUFFIX,log.zijieapi.com
  - DOMAIN-SUFFIX,nsclick.baidu.com
  - DOMAIN-SUFFIX,googletagmanager-cn.com
  - DOMAIN-SUFFIX,duiwai.baidu.com
  - DOMAIN-SUFFIX,static.sensorsdata.cn
  - DOMAIN-SUFFIX,sbeacon.sina.com.cn
  - DOMAIN-SUFFIX,browser.events.data.msn.cn
  - DOMAIN-SUFFIX,adserviceretry.kugou.com
  - DOMAIN-SUFFIX,doubleclick.net
  - DOMAIN-SUFFIX,adservice.sigmob.cn
  - DOMAIN-SUFFIX,hwads-t.api.my7v.com
  - DOMAIN-SUFFIX,stat.y.qq.com
  - DOMAIN-SUFFIX,fpb.sohu.com
  - DOMAIN-SUFFIX,atrace.chelaile.net.cn
  - DOMAIN-SUFFIX,lqc006.com
  - DOMAIN-SUFFIX,clarity.ms
  - DOMAIN-SUFFIX,appmetrica.yandex.ru
  - DOMAIN-SUFFIX,perf-events.cloud.unity3d.com
  - DOMAIN-SUFFIX,leanplum.com
  - DOMAIN-SUFFIX,alitui.weibo.com
  - DOMAIN-SUFFIX,atanx2.alicdn.com
  - DOMAIN-SUFFIX,adashbc.ut.taobao.com
  - DOMAIN-SUFFIX,adstestview.qq.com
  - DOMAIN-SUFFIX,mbdlog.iqiyi.com
  - DOMAIN-SUFFIX,adx.xiaodutv.com
  - DOMAIN-SUFFIX,adv-sv-stat.focus.cn
  - DOMAIN-SUFFIX,pangolin-lq.snssdk.com
  - DOMAIN-SUFFIX,adkwai.com
  - DOMAIN-SUFFIX,adsview2.qq.com
  - DOMAIN-SUFFIX,extlog.snssdk.com
  - DOMAIN-SUFFIX,tracker.ai.xiaomi.com
  - DOMAIN-SUFFIX,slog.sina.cn
  - DOMAIN-SUFFIX,tmeadcomm.y.qq.com
  - DOMAIN-SUFFIX,log.dzen.ru
  - DOMAIN-SUFFIX,e.kuaishou.cn
  - DOMAIN-SUFFIX,ja2.gamersky.com
  - DOMAIN-SUFFIX,applovin.com
  - DOMAIN-SUFFIX,rs.sinajs.cn
  - DOMAIN-SUFFIX,adashx4yt.m.taobao.com
  - DOMAIN-SUFFIX,wangmeng.baidu.com
  - DOMAIN-SUFFIX,imglnkd.com
  - DOMAIN-SUFFIX,googletagservices.com
  - DOMAIN-SUFFIX,pl.youku.com
  - DOMAIN-SUFFIX,mobileads.google.com
  - DOMAIN-SUFFIX,gemini.yahoo.com
  - DOMAIN-SUFFIX,monitor.uu.qq.com
  - DOMAIN-SUFFIX,ems.youku.com
  - DOMAIN-SUFFIX,data.mistat.rus.xiaomi.com
  - DOMAIN-SUFFIX,ad.mail.ru
  - DOMAIN-SUFFIX,yandex-metrica.ru
  - DOMAIN-SUFFIX,logger.qmai.cn
  - DOMAIN-SUFFIX,inner-active.mobi
  - DOMAIN-SUFFIX,bs.yandex.ru
  - DOMAIN-SUFFIX,mpush.qq.com
  - DOMAIN-SUFFIX,metrics.viqeo.tv
  - DOMAIN-SUFFIX,s-adashx.ut.youku.com
  - DOMAIN-SUFFIX,cdn.banclip.com
  - DOMAIN-SUFFIX,click.uve.weibo.com
  - DOMAIN-SUFFIX,adbehavior.ximalaya.com
  - DOMAIN-SUFFIX,adserviceretry.kglink.cn
  - DOMAIN-SUFFIX,lstat.youku.com
  - DOMAIN-SUFFIX,bds.snssdk.com
  - DOMAIN-SUFFIX,adslot.uc.cn
  - DOMAIN-SUFFIX,atanx.alicdn.com
  - DOMAIN-SUFFIX,log.v2.hunantv.com
  - DOMAIN-SUFFIX,adslvseed.qq.com
  - DOMAIN-SUFFIX,cdp.cloud.unity3d.com
  - DOMAIN-SUFFIX,51.la
  - DOMAIN-SUFFIX,mail-ads.google.com
  - DOMAIN-SUFFIX,msg.video.qiyi.com
  - DOMAIN-SUFFIX,isdspeed.qq.com
  - DOMAIN-SUFFIX,crash2.zhihu.com
  - DOMAIN-SUFFIX,sentry.d.xiaomi.net
  - DOMAIN-SUFFIX,youdaoads.com
  - DOMAIN-SUFFIX,adivery.com
  - DOMAIN-SUFFIX,uberads.com
  - DOMAIN-SUFFIX,sbermarketing.ru
  - DOMAIN-SUFFIX,eduad.baidu.com
  - DOMAIN-SUFFIX,appmetrica.yandex.com
  - DOMAIN-SUFFIX,ads.api.my7v.com
  - DOMAIN-SUFFIX,ladsp.com
  - DOMAIN-SUFFIX,2mdn-cn.net
  - DOMAIN-SUFFIX,serving-sys.com
  - DOMAIN-SUFFIX,contentabc.com
  - DOMAIN-SUFFIX,googleadservices-cn.com
  - DOMAIN-SUFFIX,telecome.cn
  - DOMAIN-SUFFIX,mcs.snssdk.com
  - DOMAIN-SUFFIX,ads.unitychina.cn
  - DOMAIN-SUFFIX,theta.sogoucdn.com
  - DOMAIN-SUFFIX,baifen.music.baidu.com
  - DOMAIN-SUFFIX,googleadapis.l.google.com
  - DOMAIN-SUFFIX,log.hunantv.com
  - DOMAIN-SUFFIX,hq-tracking.qq.com
  - DOMAIN-SUFFIX,doubleclick.com
  - DOMAIN-SUFFIX,advertisercommunity.com
  - DOMAIN-SUFFIX,adtrack.quark.cn
  - DOMAIN-SUFFIX,qpb.sohu.com
  - DOMAIN-SUFFIX,ads.viqeo.tv
  - DOMAIN-SUFFIX,adv.app.qq.com
  - DOMAIN-SUFFIX,marketing.alibaba.com
  - DOMAIN-SUFFIX,adshmmsg.qq.com
  - DOMAIN-SUFFIX,metrika.yandex.net
  - DOMAIN-SUFFIX,moatads.com
  - DOMAIN-SUFFIX,analytics.163.com
  - DOMAIN-SUFFIX,ms.dzen.ru
  - DOMAIN-SUFFIX,bdu.focus.cn
  - DOMAIN-SUFFIX,collector.xhamster.com
  - DOMAIN-SUFFIX,myadx.net
  - DOMAIN-SUFFIX,i-mobile.co.jp
  - DOMAIN-SUFFIX,collector.github.com
  - DOMAIN-SUFFIX,pub.network
  - DOMAIN-SUFFIX,config.uca.cloud.unity3d.com
  - DOMAIN-SUFFIX,new-aaid.umeng.com.gds.alibabadns.com
  - DOMAIN-SUFFIX,shhs-ydd8x2.yjrmss.cn
  - DOMAIN-SUFFIX,logs.amap.com
  - DOMAIN-SUFFIX,mvad.com
  - DOMAIN-SUFFIX,atm.youku.com
  - DOMAIN-SUFFIX,radar.imgsmail.ru
  - DOMAIN-SUFFIX,track.lc.quark.cn
  - DOMAIN-SUFFIX,report.qqweb.qq.com
  - DOMAIN-SUFFIX,hao123union.baidu.com
  - DOMAIN-SUFFIX,iadmusicmat.music.126.net
  - DOMAIN-SUFFIX,adslvfile.qq.com
  - DOMAIN-SUFFIX,doubleclick-cn.net
  - DOMAIN-SUFFIX,monitor.music.qq.com
  - DOMAIN-SUFFIX,advertising.apple.com
  - DOMAIN-SUFFIX,adpm.app.qq.com
  - DOMAIN-SUFFIX,tmead.y.qq.com
  - DOMAIN-SUFFIX,s.mindbox.ru
  - DOMAIN-SUFFIX,doubleclick.cn
  - DOMAIN-SUFFIX,fourier.taobao.com
  - DOMAIN-SUFFIX,cpro.baidustatic.com
  - DOMAIN-SUFFIX,c.sayhi.360.cn
  - DOMAIN-SUFFIX,cb.baidu.com
  - DOMAIN-SUFFIX,data.mistat.xiaomi.com
  - DOMAIN-SUFFIX,app-ads-services.com
  - DOMAIN-SUFFIX,adbox.sina.com.cn
  - DOMAIN-SUFFIX,wbclick.mobile.sina.cn
  - DOMAIN-SUFFIX,zz.bdstatic.com
  - DOMAIN-SUFFIX,adash-emas.cn-hangzhou.aliyuncs.com
  - DOMAIN-SUFFIX,microad.jp
  - DOMAIN-SUFFIX,c-nfa.jd.com
  - DOMAIN-SUFFIX,realsrv.com
  - DOMAIN-SUFFIX,ulogs.umengcloud.com
  - DOMAIN-SUFFIX,ads-api.duolingo.com
  - DOMAIN-SUFFIX,optimus-ads.amap.com
  - DOMAIN-SUFFIX,pangle.cn
  - DOMAIN-SUFFIX,onesignal.com
  - DOMAIN-SUFFIX,adash.m.taobao.com
  - DOMAIN-SUFFIX,stat.m.jd.com
  - DOMAIN-SUFFIX,microsoftads.com
  - DOMAIN-SUFFIX,trackserver.shuxinyc.com
  - DOMAIN-SUFFIX,googlevads-cn.com
  - DOMAIN-SUFFIX,a.alimama.cn
  - DOMAIN-SUFFIX,target.vk.ru
  - DOMAIN-SUFFIX,trackingprd.hwwt8.com
  - DOMAIN-SUFFIX,zhugeio.com
  - DOMAIN-SUFFIX,data.flurry.com
  - DOMAIN-SUFFIX,admusicpic.music.126.net
  - DOMAIN-SUFFIX,adbutter.net
  - DOMAIN-SUFFIX,p-log.ykimg.com
  - DOMAIN-SUFFIX,click.hunantv.com
  - DOMAIN-SUFFIX,pos.baidu.com
  - DOMAIN-SUFFIX,ad.tencentmusic.com
  - DOMAIN-SUFFIX,inte.sogoucdn.com
  - DOMAIN-SUFFIX,click.uve.mobile.sina.cn
  - DOMAIN-SUFFIX,ecma.bdimg.com
  - DOMAIN-SUFFIX,ads.service.kugou.com
  - DOMAIN-SUFFIX,target.my.com
  - DOMAIN-SUFFIX,assp.sohu.com
  - DOMAIN-SUFFIX,google-analytics.com
  - DOMAIN-SUFFIX,adnet.qq.com
  - DOMAIN-SUFFIX,pgdt.gtimg.cn
  - DOMAIN-SUFFIX,metrics.duolingo.com
  - DOMAIN-SUFFIX,cxhub.ru
  - DOMAIN-SUFFIX,pangolin-lf.snssdk.com
  - DOMAIN-SUFFIX,h-adashx.ut.taobao.com
  - DOMAIN-SUFFIX,z.gds.cnzz.com
  - DOMAIN-SUFFIX,pglstatp-sdk-toutiao.com
  - DOMAIN-SUFFIX,tcss.qq.com
  - DOMAIN-SUFFIX,mipcache.bdstatic.com
  - DOMAIN-SUFFIX,cfts1tifqr.com
  - DOMAIN-SUFFIX,ironbeast.io
  - DOMAIN-SUFFIX,webvisor.com
  - DOMAIN-SUFFIX,ipinyou.com.cn
  - DOMAIN-SUFFIX,pglstatp-toutiao-b.com
  - DOMAIN-SUFFIX,euads-o.api.leiniao.com
  - DOMAIN-SUFFIX,counter.yandex.ru
  - DOMAIN-SUFFIX,atom-data.io
  - DOMAIN-SUFFIX,ad.intl.xiaomi.com
  - DOMAIN-SUFFIX,iwanad.baidu.com
  - DOMAIN-SUFFIX,cloudpush.iqiyi.com
  - DOMAIN-SUFFIX,sentry.music.163.com
  - DOMAIN-SUFFIX,yfanads.com
  - DOMAIN-SUFFIX,a.mts.ru
  - DOMAIN,ad-display.diwodiwo.xyz
  - DOMAIN,web-analytics.wildberries.ru
  - DOMAIN,o4504926511693824.ingest.sentry.io
  - DOMAIN,advert-api-sandbox.wb.ru
  - DOMAIN,marketing-info.wildberries.ru
  - DOMAIN,sentry.ozon.ru
  - DOMAIN,bs.mail.ru
  - DOMAIN,adsapp.dahlmessenger.com
  - DOMAIN,ads.wildberries.ru
  - DOMAIN,wlog.kuaishou.com
  - DOMAIN,xray.mail.ru
  - DOMAIN,marketplace-sentry.wb.ru
  - DOMAIN,stats.rustore.ru
  - DOMAIN,api-secure.carrotquest.app
  - DOMAIN,stats.dev.telega.info
  - DOMAIN,rtlog3-applog-hl.fqnovel.com
  - DOMAIN,click.rustore.ru
  - DOMAIN,sentry.mindbox.ru
  - DOMAIN,mc.yandex.net
  - DOMAIN,pixel.yandex.com
  - DOMAIN,agency-adv.ozon.ru
  - DOMAIN,ads.rustore.ru
  - DOMAIN,api-ru.mindbox.cloud
  - DOMAIN,ads-media.wildberries.ru
  - DOMAIN,ads.yandex.com
  - DOMAIN,p6-ad-sign.byteimg.com
  - DOMAIN,log.strm.yandex.ru
  - DOMAIN,r0.mail.ru
  - DOMAIN,r0.mradx.net
  - DOMAIN,advert-api.wildberries.ru
  - DOMAIN,stats.vk-portal.net
  - DOMAIN,analytics.google.com
  - DOMAIN,xapi.ozon.com.kz
  - DOMAIN,clck.yandex.com
  - DOMAIN,visor.sberbank.ru
  - DOMAIN,incoming.telemetry.mozilla.org
  - DOMAIN,ads.mozilla.org
  - DOMAIN,api-ru.carrotquest.io
  - DOMAIN,target.vk.com
  - DOMAIN,r1.mail.ru
  - DOMAIN,apilog-web.acfun.cn
  - DOMAIN,o33249.ingest.sentry.io
  - DOMAIN,reklama.mail.ru
  - DOMAIN,t.mail.ru
  - DOMAIN,stats.dahlmessenger.com
  - DOMAIN,ad.ozone.ru
  - DOMAIN,adblogger.vk.ru
  - DOMAIN,ads5-normal-hl.zijieapi.com
  - DOMAIN,beginners-adv.ozon.ru
  - DOMAIN,log5-applog.fqnovel.com
  - DOMAIN,questions-adv.ozon.ru
  - DOMAIN,rs.mail.ru
  - DOMAIN,api-eu.carrotquest.app
  - DOMAIN,advert-api-sandbox.wildberries.ru
  - DOMAIN,whiteline.mail.ru
  - DOMAIN,log3-applog.fqnovel.com
  - DOMAIN,mc.yandex.com
  - DOMAIN,adsapp.telega.info
  - DOMAIN,adsapp.stage.telega.info
  - DOMAIN,xapi.ozon.kz
  - DOMAIN,ads.yango.com
  - DOMAIN,clck.yango.com
  - DOMAIN,xapi.ozon.com.by
  - DOMAIN,incoming-telemetry.thunderbird.net
  - DOMAIN,b2.mail.ru
  - DOMAIN,adfstat.yandex.ru
  - DOMAIN,ads3-normal.zijieapi.com
  - DOMAIN,srch-telemeter10.g.smailru.net
  - DOMAIN,error-tracking.megamarket.tech
  - DOMAIN,1l-hit.mail.ru
  - DOMAIN,api.dashly.app
  - DOMAIN,advert-media-api.wildberries.ru
  - DOMAIN,sentry.viqeo.tv
  - DOMAIN,adv.vk.ru
  - DOMAIN,api.carrottrack.app
  - DOMAIN,adv.ozon.ru
  - DOMAIN,sentry-ng.g.smailru.net
  - DOMAIN,metrika.kontur.ru
  - DOMAIN,sentry.iptv.rt.ru
  - DOMAIN,ads.x5.ru
  - DOMAIN,browser-intake-datadoghq.com
  - DOMAIN,ads-integration.rustore.ru
  - DOMAIN,ads.icq.com
  - DOMAIN,api-js.mindbox.ru
  - DOMAIN,adsdk.yandex.ru
  - DOMAIN,copilot-telemetry.githubusercontent.com
  - DOMAIN,adv.rustore.ru
  - DOMAIN,api.mindbox.ru
  - DOMAIN,new-adv.ozon.ru
  - DOMAIN,api.carrotquest.io
  - DOMAIN,log3-applog-hl.fqnovel.com
  - DOMAIN,top-staging.mail.ru
  - DOMAIN,an.mail.ru
  - DOMAIN,copilot-telemetry-service.githubusercontent.com
  - DOMAIN,sentry.sberauto.com
  - DOMAIN,advert-api.wb.ru
  - DOMAIN,adeventtracker.spotify.com
  - DOMAIN,api-staging.mindbox.ru
  - DOMAIN,analytics-stage.wildberries.ru
  - DOMAIN,rtlog5-applog.fqnovel.com
  - DOMAIN,google-analytics-suite.ozon.ru
  - DOMAIN,rtlog5-applog-hl.fqnovel.com
  - DOMAIN,metrics.21-school.ru
  - DOMAIN,api-secure.carrottrack.app
  - DOMAIN,openai.qualtrics.com
  - DOMAIN,sentry.rustore.ru
  - DOMAIN,p9-ad-sign.byteimg.com
  - DOMAIN,xapi.ozon.by
  - DOMAIN,log5-applog-hl.fqnovel.com
  - DOMAIN,ads-img.mozilla.org
  - DOMAIN,stats.avito.ru
  - DOMAIN,disney.my.sentry.io
  - DOMAIN,adblogger.vk.com
  - DOMAIN,sentry.dev-my.games
  - DOMAIN,analytics.wildberries.ru
  - DOMAIN,advk.vk.ru
  - DOMAIN,xapi.ozonru.me
  - DOMAIN,1l-hit.vkplay.ru
  - DOMAIN,api.carrotquest.app
  - DOMAIN,stacks.vk-portal.net
  - DOMAIN,adstudio-assets.scdn.co
  - DOMAIN,logs.ads.vungle.com
  - DOMAIN,sentry.dev-my.com
  - DOMAIN,api.dashlytrack.app
  - DOMAIN,informer.yandex.ru
  - DOMAIN,ad4.mail.ru
  - DOMAIN,api-eu.carrotquest.io
  - DOMAIN,bloodhound.spotify.com
  - DOMAIN,analytics.vk.ru
  - DOMAIN,ads-gate.wildberries.ru
  - DOMAIN,p3-ad-sign.byteimg.com
  - DOMAIN,xapi.ozon.ru
  - DOMAIN,rtlog3-applog.fqnovel.com
  - DOMAIN,sentry.wb.ru
  - DOMAIN,mc.yango.com
  - DOMAIN,sentry.x5.ru
  - DOMAIN,tracing-http.megamarket.tech
  - DOMAIN,ads.dahlmessenger.com
  - DOMAIN,report.ap.yandex-net.ru
  - DOMAIN,loyalnost-adv.ozon.ru
  - DOMAIN,stats.telega.info
  - DOMAIN,analytics.mobile.yandex.net
  - DOMAIN,sentry.hetzner.company
  - DOMAIN,log-sdk.gifshow.com
  - DOMAIN,xapi.ozon.com
  - DOMAIN,api-ru.carrotquest.app
  - DOMAIN,alt-r.my.com
  - DOMAIN,analytics-adv.ozon.ru
  - DOMAIN,ads.vk.ru
  - DOMAIN,sentry.kontur.host
  - DOMAIN,prodvizhenie-adv.ozon.ru
  - DOMAIN,clck.yandex.net
  - DOMAIN,ad-channel.diwodiwo.xyz
  - DOMAIN,ads5-normal.zijieapi.com
  - DOMAIN,ads.x5media.ru
  - DOMAIN,sentry.popmechanic.ru
  - DOMAIN,api.mindbox.cloud
  - DOMAIN,ads.vk.com
  - DOMAIN,ads3-normal-hl.zijieapi.com
  - DOMAIN,pixel.rustore.ru
  - DOMAIN,advert-media-api.wb.ru
  - DOMAIN,amc.yandex.ru
